
Microsoft Visual Studio Solution File, Format Version 12.00
# Visual Studio 15
Project("{FAE04EC0-301F-11D3-BF4B-00C04F79EFBC}") = "Assembly-CSharp", "Assembly-CSharp.csproj", "{26664799-2F6D-DA7B-55D2-A7EEE892558D}"
EndProject
Project("{FAE04EC0-301F-11D3-BF4B-00C04F79EFBC}") = "Assembly-CSharp-firstpass", "Assembly-CSharp-firstpass.csproj", "{40CC1136-484A-DA0C-604A-DF8A8609401A}"
EndProject
Project("{FAE04EC0-301F-11D3-BF4B-00C04F79EFBC}") = "Assembly-CSharp-Editor", "Assembly-CSharp-Editor.csproj", "{32CDFC75-C75E-3A4B-4ED2-1B0AEB37B040}"
EndProject
Global
	GlobalSection(SolutionConfigurationPlatforms) = preSolution
		Debug|Any CPU = Debug|Any CPU
		Release|Any CPU = Release|Any CPU
	EndGlobalSection
	GlobalSection(ProjectConfigurationPlatforms) = postSolution
		{26664799-2F6D-DA7B-55D2-A7EEE892558D}.Debug|Any CPU.ActiveCfg = Debug|Any CPU
		{26664799-2F6D-DA7B-55D2-A7EEE892558D}.Debug|Any CPU.Build.0 = Debug|Any CPU
		{26664799-2F6D-DA7B-55D2-A7EEE892558D}.Release|Any CPU.ActiveCfg = Release|Any CPU
		{26664799-2F6D-DA7B-55D2-A7EEE892558D}.Release|Any CPU.Build.0 = Release|Any CPU
		{40CC1136-484A-DA0C-604A-DF8A8609401A}.Debug|Any CPU.ActiveCfg = Debug|Any CPU
		{40CC1136-484A-DA0C-604A-DF8A8609401A}.Debug|Any CPU.Build.0 = Debug|Any CPU
		{40CC1136-484A-DA0C-604A-DF8A8609401A}.Release|Any CPU.ActiveCfg = Release|Any CPU
		{40CC1136-484A-DA0C-604A-DF8A8609401A}.Release|Any CPU.Build.0 = Release|Any CPU
		{32CDFC75-C75E-3A4B-4ED2-1B0AEB37B040}.Debug|Any CPU.ActiveCfg = Debug|Any CPU
		{32CDFC75-C75E-3A4B-4ED2-1B0AEB37B040}.Debug|Any CPU.Build.0 = Debug|Any CPU
		{32CDFC75-C75E-3A4B-4ED2-1B0AEB37B040}.Release|Any CPU.ActiveCfg = Release|Any CPU
		{32CDFC75-C75E-3A4B-4ED2-1B0AEB37B040}.Release|Any CPU.Build.0 = Release|Any CPU
	EndGlobalSection
	GlobalSection(SolutionProperties) = preSolution
		HideSolutionNode = FALSE
	EndGlobalSection
EndGlobal
